
Microsoft Visual Studio Solution File, Format Version 12.00
# Visual Studio Version 17
VisualStudioVersion = 17.10.34928.147
MinimumVisualStudioVersion = 10.0.40219.1
Project("{FAE04EC0-301F-11D3-BF4B-00C04F79EFBC}") = "PokemonReviewApp", "PokemonReviewApp\PokemonReviewApp.csproj", "{E53EAAB2-B76E-4892-96CE-7807BB9C212E}"
EndProject
Global
	GlobalSection(SolutionConfigurationPlatforms) = preSolution
		Debug|Any CPU = Debug|Any CPU
		Release|Any CPU = Release|Any CPU
	EndGlobalSection
	GlobalSection(ProjectConfigurationPlatforms) = postSolution
		{E53EAAB2-B76E-4892-96CE-7807BB9C212E}.Debug|Any CPU.ActiveCfg = Debug|Any CPU
		{E53EAAB2-B76E-4892-96CE-7807BB9C212E}.Debug|Any CPU.Build.0 = Debug|Any CPU
		{E53EAAB2-B76E-4892-96CE-7807BB9C212E}.Release|Any CPU.ActiveCfg = Release|Any CPU
		{E53EAAB2-B76E-4892-96CE-7807BB9C212E}.Release|Any CPU.Build.0 = Release|Any CPU
	EndGlobalSection
	GlobalSection(SolutionProperties) = preSolution
		HideSolutionNode = FALSE
	EndGlobalSection
	GlobalSection(ExtensibilityGlobals) = postSolution
		SolutionGuid = {08F1C2E4-6A41-478E-8617-2A638FD45AE3}
	EndGlobalSection
EndGlobal
